
Microsoft Visual Studio Solution File, Format Version 12.00
# Visual Studio Version 17
VisualStudioVersion = 17.9.34701.34
MinimumVisualStudioVersion = 10.0.40219.1
Project("{FAE04EC0-301F-11D3-BF4B-00C04F79EFBC}") = "HtmlToPdfApi", "HtmlToPdfApi\HtmlToPdfApi.csproj", "{A70245AD-38EF-4F9C-86FD-9BBF73829422}"
EndProject
Global
	GlobalSection(SolutionConfigurationPlatforms) = preSolution
		Debug|Any CPU = Debug|Any CPU
		Release|Any CPU = Release|Any CPU
	EndGlobalSection
	GlobalSection(ProjectConfigurationPlatforms) = postSolution
		{A70245AD-38EF-4F9C-86FD-9BBF73829422}.Debug|Any CPU.ActiveCfg = Debug|Any CPU
		{A70245AD-38EF-4F9C-86FD-9BBF73829422}.Debug|Any CPU.Build.0 = Debug|Any CPU
		{A70245AD-38EF-4F9C-86FD-9BBF73829422}.Release|Any CPU.ActiveCfg = Release|Any CPU
		{A70245AD-38EF-4F9C-86FD-9BBF73829422}.Release|Any CPU.Build.0 = Release|Any CPU
	EndGlobalSection
	GlobalSection(SolutionProperties) = preSolution
		HideSolutionNode = FALSE
	EndGlobalSection
	GlobalSection(ExtensibilityGlobals) = postSolution
		SolutionGuid = {D6B5FBC6-7A43-40CF-BEBC-642921FB49CB}
	EndGlobalSection
EndGlobal
